
Microsoft Visual Studio Solution File, Format Version 12.00
# Visual Studio Version 16
VisualStudioVersion = 16.0.31112.23
MinimumVisualStudioVersion = 10.0.40219.1
Project("{9A19103F-16F7-4668-BE54-9A1E7A4F7556}") = "FakerTests", "Faker.Test\FakerTests.csproj", "{E62C1626-51F9-46DB-B67A-735572E1D79B}"
EndProject
Project("{9A19103F-16F7-4668-BE54-9A1E7A4F7556}") = "Generator.SDK", "Generator.SDK\Generator.SDK.csproj", "{E321806C-2C70-4D24-AAA0-914A32E29F52}"
EndProject
Project("{9A19103F-16F7-4668-BE54-9A1E7A4F7556}") = "StringGenerator", "StringGenerator\StringGenerator.csproj", "{6631A269-2D01-4FF8-847E-CE4E5ACD0236}"
EndProject
Project("{9A19103F-16F7-4668-BE54-9A1E7A4F7556}") = "LongGenerator", "LongGenerator\LongGenerator.csproj", "{CC0FBD86-18ED-460F-BA03-A647424BDC91}"
EndProject
Project("{9A19103F-16F7-4668-BE54-9A1E7A4F7556}") = "CustomGenerator", "CustomGenerator\CustomGenerator.csproj", "{4072A9C3-65FE-4379-BDD5-A290F45AD23A}"
EndProject
Project("{9A19103F-16F7-4668-BE54-9A1E7A4F7556}") = "Generator.Lib", "Generator.Lib\Generator.Lib.csproj", "{307A30EF-1B64-4AE8-B93C-94792E4FF031}"
EndProject
Project("{9A19103F-16F7-4668-BE54-9A1E7A4F7556}") = "Faker.Lib", "Faker.Lib\Faker.Lib.csproj", "{E4C7DBCC-B1A8-4D79-9C1D-39C4F2C64FFA}"
EndProject
Project("{9A19103F-16F7-4668-BE54-9A1E7A4F7556}") = "FakerExample", "Faker.Example2\FakerExample.csproj", "{73B065F0-28F3-470F-9F2B-8741E74ED2F5}"
EndProject
Global
	GlobalSection(SolutionConfigurationPlatforms) = preSolution
		Debug|Any CPU = Debug|Any CPU
		Release|Any CPU = Release|Any CPU
	EndGlobalSection
	GlobalSection(ProjectConfigurationPlatforms) = postSolution
		{E62C1626-51F9-46DB-B67A-735572E1D79B}.Debug|Any CPU.ActiveCfg = Debug|Any CPU
		{E62C1626-51F9-46DB-B67A-735572E1D79B}.Debug|Any CPU.Build.0 = Debug|Any CPU
		{E62C1626-51F9-46DB-B67A-735572E1D79B}.Release|Any CPU.ActiveCfg = Release|Any CPU
		{E62C1626-51F9-46DB-B67A-735572E1D79B}.Release|Any CPU.Build.0 = Release|Any CPU
		{E321806C-2C70-4D24-AAA0-914A32E29F52}.Debug|Any CPU.ActiveCfg = Debug|Any CPU
		{E321806C-2C70-4D24-AAA0-914A32E29F52}.Debug|Any CPU.Build.0 = Debug|Any CPU
		{E321806C-2C70-4D24-AAA0-914A32E29F52}.Release|Any CPU.ActiveCfg = Release|Any CPU
		{E321806C-2C70-4D24-AAA0-914A32E29F52}.Release|Any CPU.Build.0 = Release|Any CPU
		{6631A269-2D01-4FF8-847E-CE4E5ACD0236}.Debug|Any CPU.ActiveCfg = Debug|Any CPU
		{6631A269-2D01-4FF8-847E-CE4E5ACD0236}.Debug|Any CPU.Build.0 = Debug|Any CPU
		{6631A269-2D01-4FF8-847E-CE4E5ACD0236}.Release|Any CPU.ActiveCfg = Release|Any CPU
		{6631A269-2D01-4FF8-847E-CE4E5ACD0236}.Release|Any CPU.Build.0 = Release|Any CPU
		{CC0FBD86-18ED-460F-BA03-A647424BDC91}.Debug|Any CPU.ActiveCfg = Debug|Any CPU
		{CC0FBD86-18ED-460F-BA03-A647424BDC91}.Debug|Any CPU.Build.0 = Debug|Any CPU
		{CC0FBD86-18ED-460F-BA03-A647424BDC91}.Release|Any CPU.ActiveCfg = Release|Any CPU
		{CC0FBD86-18ED-460F-BA03-A647424BDC91}.Release|Any CPU.Build.0 = Release|Any CPU
		{4072A9C3-65FE-4379-BDD5-A290F45AD23A}.Debug|Any CPU.ActiveCfg = Debug|Any CPU
		{4072A9C3-65FE-4379-BDD5-A290F45AD23A}.Debug|Any CPU.Build.0 = Debug|Any CPU
		{4072A9C3-65FE-4379-BDD5-A290F45AD23A}.Release|Any CPU.ActiveCfg = Release|Any CPU
		{4072A9C3-65FE-4379-BDD5-A290F45AD23A}.Release|Any CPU.Build.0 = Release|Any CPU
		{307A30EF-1B64-4AE8-B93C-94792E4FF031}.Debug|Any CPU.ActiveCfg = Debug|Any CPU
		{307A30EF-1B64-4AE8-B93C-94792E4FF031}.Debug|Any CPU.Build.0 = Debug|Any CPU
		{307A30EF-1B64-4AE8-B93C-94792E4FF031}.Release|Any CPU.ActiveCfg = Release|Any CPU
		{307A30EF-1B64-4AE8-B93C-94792E4FF031}.Release|Any CPU.Build.0 = Release|Any CPU
		{E4C7DBCC-B1A8-4D79-9C1D-39C4F2C64FFA}.Debug|Any CPU.ActiveCfg = Debug|Any CPU
		{E4C7DBCC-B1A8-4D79-9C1D-39C4F2C64FFA}.Debug|Any CPU.Build.0 = Debug|Any CPU
		{E4C7DBCC-B1A8-4D79-9C1D-39C4F2C64FFA}.Release|Any CPU.ActiveCfg = Release|Any CPU
		{E4C7DBCC-B1A8-4D79-9C1D-39C4F2C64FFA}.Release|Any CPU.Build.0 = Release|Any CPU
		{73B065F0-28F3-470F-9F2B-8741E74ED2F5}.Debug|Any CPU.ActiveCfg = Debug|Any CPU
		{73B065F0-28F3-470F-9F2B-8741E74ED2F5}.Debug|Any CPU.Build.0 = Debug|Any CPU
		{73B065F0-28F3-470F-9F2B-8741E74ED2F5}.Release|Any CPU.ActiveCfg = Release|Any CPU
		{73B065F0-28F3-470F-9F2B-8741E74ED2F5}.Release|Any CPU.Build.0 = Release|Any CPU
	EndGlobalSection
	GlobalSection(SolutionProperties) = preSolution
		HideSolutionNode = FALSE
	EndGlobalSection
	GlobalSection(ExtensibilityGlobals) = postSolution
		SolutionGuid = {A02F1379-F344-451A-9A30-76B3A2D205D0}
	EndGlobalSection
EndGlobal
